<?xml version="1.0" encoding="utf-8"?>
<Project ToolsVersion="4.0" xmlns="http://schemas.microsoft.com/developer/msbuild/2003">
  <ItemGroup>
    <Filter Include="Source Files">
      <UniqueIdentifier>{4FC737F1-C7A5-4376-A066-2A32D752A2FF}</UniqueIdentifier>
      <Extensions>cpp;c;cc;cxx;def;odl;idl;hpj;bat;asm;asmx</Extensions>
    </Filter>
    <Filter Include="Header Files">
      <UniqueIdentifier>{93995380-89BD-4b04-88EB-625FBE52EBFB}</UniqueIdentifier>
      <Extensions>h;hpp;hxx;hm;inl;inc;xsd</Extensions>
    </Filter>
    <Filter Include="Common">
      <UniqueIdentifier>{dcd63b0c-6da1-4ab7-b3bc-c8c73f02ca89}</UniqueIdentifier>
    </Filter>
    <Filter Include="DeckLink API">
      <UniqueIdentifier>{e45ba308-c0f3-4eb5-baa2-e0a8ce812168}</UniqueIdentifier>
    </Filter>
  </ItemGroup>
  <ItemGroup>
    <ClCompile Include="..\VancOutput.cpp">
      <Filter>Source Files</Filter>
    </ClCompile>
    <ClCompile Include="platform.cpp">
      <Filter>Common</Filter>
    </ClCompile>
    <ClCompile Include="DeckLinkAPI_i.c">
      <Filter>DeckLink API</Filter>
    </ClCompile>
  </ItemGroup>
  <ItemGroup>
    <ClInclude Include="platform.h">
      <Filter>Header Files</Filter>
    </ClInclude>
  </ItemGroup>
  <ItemGroup>
    <Midl Include="..\..\Win\include\DeckLinkAPI.idl">
      <Filter>DeckLink API</Filter>
    </Midl>
  </ItemGroup>
</Project>